<?xml version="1.0" encoding="utf-8"?>
<Project ToolsVersion="4.0" xmlns="http://schemas.microsoft.com/developer/msbuild/2003">
  <ItemGroup>
    <Filter Include="Source Files">
      <UniqueIdentifier>{DB686EF8-7832-4323-8C64-E0B60F586582}</UniqueIdentifier>
      <Extensions>cpp;c;cc;cxx;def;odl;idl;hpj;bat;asm;asmx</Extensions>
    </Filter>
  </ItemGroup>
  <ItemGroup>
    <ClInclude Include="src\assignment\App.hpp">
      <Filter>Source Files</Filter>
    </ClInclude>
    <ClInclude Include="src\assignment\ShadowMap.hpp">
      <Filter>Source Files</Filter>
    </ClInclude>
  </ItemGroup>
  <ItemGroup>
    <ClCompile Include="src\assignment\App.cpp">
      <Filter>Source Files</Filter>
    </ClCompile>
    <ClCompile Include="src\assignment\ShadowMap.cpp">
      <Filter>Source Files</Filter>
    </ClCompile>
  </ItemGroup>
  <ItemGroup>
    <None Include="pshader.glsl">
      <Filter>Source Files</Filter>
    </None>
    <None Include="vshader.glsl">
      <Filter>Source Files</Filter>
    </None>
  </ItemGroup>
</Project>